{
  "originHash" : "d75b95b89c90329668b2b787b9ee56564dd3125f8df522b8b75904f1867772ee",
  "pins" : [
    {
      "identity" : "litesurveysdk-ios",
      "kind" : "remoteSourceControl",
      "location" : "https://github.com/WoncanHK/LiteSurveySDK-iOS",
      "state" : {
        "revision" : "3393dcf7f58f1097fe61ea5b0d470a032186f7d3",
        "version" : "2.0.0"
      }
    }
  ],
  "version" : 3
}
